<?xml version="1.0" encoding="UTF-8" standalone="yes" ?>
<CodeBlocks_project_file>
	<FileVersion major="1" minor="6" />
	<Project>
		<Option title="2dgt" />
		<Option pch_mode="2" />
		<Option compiler="gfortran" />
		<Build>
			<Target title="Debug">
				<Option output="bin/Debug/2dgt" prefix_auto="1" extension_auto="1" />
				<Option object_output="obj/Debug/" />
				<Option type="1" />
				<Option compiler="gfortran" />
				<Compiler>
					<Add option="-g" />
				</Compiler>
			</Target>
			<Target title="Release">
				<Option output="bin/Release/2dgt" prefix_auto="1" extension_auto="1" />
				<Option object_output="obj/Release/" />
				<Option type="1" />
				<Option compiler="gfortran" />
				<Compiler>
					<Add option="-O2" />
				</Compiler>
				<Linker>
					<Add option="-s" />
				</Linker>
			</Target>
		</Build>
		<Compiler>
			<Add option="-Wall" />
		</Compiler>
		<Unit filename="bound.ing" />
		<Unit filename="circl.ing" />
		<Unit filename="grid.f" />
		<Unit filename="grid.ing" />
		<Unit filename="indexg.ing" />
		<Unit filename="lines.ing" />
		<Unit filename="logico.ing" />
		<Unit filename="param.inc" />
		<Unit filename="param.ing" />
		<Unit filename="plot.f" />
		<Unit filename="vtk/vtk_grid/gemini/test.f90" />
		<Unit filename="vtk/vtk_grid/gemini/write_vtk.f90" />
		<Extensions>
			<lib_finder disable_auto="1" />
		</Extensions>
	</Project>
</CodeBlocks_project_file>
